
Microsoft Visual Studio Solution File, Format Version 12.00
# Visual Studio Version 17
VisualStudioVersion = 17.3.32922.545
MinimumVisualStudioVersion = 10.0.40219.1
Project("{8BC9CEB8-8B4A-11D0-8D11-00A0C91BC942}") = "JVMX2", "JVMX2\JVMX2.vcxproj", "{A9D7DA4D-6405-4A8E-8F1E-DCED393847E6}"
EndProject
Project("{8BC9CEB8-8B4A-11D0-8D11-00A0C91BC942}") = "zlib", "zlib\zlib.vcxproj", "{365C5EC9-BCC8-419B-A677-BF7065A72526}"
EndProject
Global
	GlobalSection(SolutionConfigurationPlatforms) = preSolution
		Debug|x64 = Debug|x64
		Debug|x86 = Debug|x86
		Release|x64 = Release|x64
		Release|x86 = Release|x86
	EndGlobalSection
	GlobalSection(ProjectConfigurationPlatforms) = postSolution
		{A9D7DA4D-6405-4A8E-8F1E-DCED393847E6}.Debug|x64.ActiveCfg = Debug|x64
		{A9D7DA4D-6405-4A8E-8F1E-DCED393847E6}.Debug|x64.Build.0 = Debug|x64
		{A9D7DA4D-6405-4A8E-8F1E-DCED393847E6}.Debug|x86.ActiveCfg = Debug|Win32
		{A9D7DA4D-6405-4A8E-8F1E-DCED393847E6}.Debug|x86.Build.0 = Debug|Win32
		{A9D7DA4D-6405-4A8E-8F1E-DCED393847E6}.Release|x64.ActiveCfg = Release|x64
		{A9D7DA4D-6405-4A8E-8F1E-DCED393847E6}.Release|x64.Build.0 = Release|x64
		{A9D7DA4D-6405-4A8E-8F1E-DCED393847E6}.Release|x86.ActiveCfg = Release|Win32
		{A9D7DA4D-6405-4A8E-8F1E-DCED393847E6}.Release|x86.Build.0 = Release|Win32
		{365C5EC9-BCC8-419B-A677-BF7065A72526}.Debug|x64.ActiveCfg = Debug|x64
		{365C5EC9-BCC8-419B-A677-BF7065A72526}.Debug|x64.Build.0 = Debug|x64
		{365C5EC9-BCC8-419B-A677-BF7065A72526}.Debug|x86.ActiveCfg = Debug|Win32
		{365C5EC9-BCC8-419B-A677-BF7065A72526}.Debug|x86.Build.0 = Debug|Win32
		{365C5EC9-BCC8-419B-A677-BF7065A72526}.Release|x64.ActiveCfg = Release|x64
		{365C5EC9-BCC8-419B-A677-BF7065A72526}.Release|x64.Build.0 = Release|x64
		{365C5EC9-BCC8-419B-A677-BF7065A72526}.Release|x86.ActiveCfg = Release|Win32
		{365C5EC9-BCC8-419B-A677-BF7065A72526}.Release|x86.Build.0 = Release|Win32
	EndGlobalSection
	GlobalSection(SolutionProperties) = preSolution
		HideSolutionNode = FALSE
	EndGlobalSection
	GlobalSection(ExtensibilityGlobals) = postSolution
		SolutionGuid = {D96BA5C5-6713-44B9-8F08-8DEDDD8530EE}
	EndGlobalSection
EndGlobal
